// !$*UTF8*$!
{
	archiveVersion = 1;
	classes = {
	};
	objectVersion = 56;
	objects = {

/* Begin PBXBuildFile section */
		71351DF36B0B7226BCDCECCF /* Pods_reWORD.framework in Frameworks */ = {isa = PBXBuildFile; fileRef = 1E769AA1A97B3D359A99C425 /* Pods_reWORD.framework */; };
		CED728512A7155CF00715EFD /* AppDelegate.swift in Sources */ = {isa = PBXBuildFile; fileRef = CED728502A7155CF00715EFD /* AppDelegate.swift */; };
		CED728532A7155CF00715EFD /* SceneDelegate.swift in Sources */ = {isa = PBXBuildFile; fileRef = CED728522A7155CF00715EFD /* SceneDelegate.swift */; };
		CED728552A7155CF00715EFD /* ToDoListViewController.swift in Sources */ = {isa = PBXBuildFile; fileRef = CED728542A7155CF00715EFD /* ToDoListViewController.swift */; };
		CED728582A7155CF00715EFD /* Main.storyboard in Resources */ = {isa = PBXBuildFile; fileRef = CED728562A7155CF00715EFD /* Main.storyboard */; };
		CED7285A2A7155D100715EFD /* Assets.xcassets in Resources */ = {isa = PBXBuildFile; fileRef = CED728592A7155D100715EFD /* Assets.xcassets */; };
		CED7285D2A7155D100715EFD /* LaunchScreen.storyboard in Resources */ = {isa = PBXBuildFile; fileRef = CED7285B2A7155D100715EFD /* LaunchScreen.storyboard */; };
		CED728872A754D0200715EFD /* Item.swift in Sources */ = {isa = PBXBuildFile; fileRef = CED728862A754D0200715EFD /* Item.swift */; };
		CED7288E2A76AF6400715EFD /* SwipeCellKit in Frameworks */ = {isa = PBXBuildFile; productRef = CED7288D2A76AF6400715EFD /* SwipeCellKit */; };
/* End PBXBuildFile section */

/* Begin PBXFileReference section */
		1E769AA1A97B3D359A99C425 /* Pods_reWORD.framework */ = {isa = PBXFileReference; explicitFileType = wrapper.framework; includeInIndex = 0; path = Pods_reWORD.framework; sourceTree = BUILT_PRODUCTS_DIR; };
		45AD41F8726D516FB8D12DFF /* Pods-reWORD.debug.xcconfig */ = {isa = PBXFileReference; includeInIndex = 1; lastKnownFileType = text.xcconfig; name = "Pods-reWORD.debug.xcconfig"; path = "Target Support Files/Pods-reWORD/Pods-reWORD.debug.xcconfig"; sourceTree = "<group>"; };
		A391CE850C75D46529389B2A /* Pods-reWORD.release.xcconfig */ = {isa = PBXFileReference; includeInIndex = 1; lastKnownFileType = text.xcconfig; name = "Pods-reWORD.release.xcconfig"; path = "Target Support Files/Pods-reWORD/Pods-reWORD.release.xcconfig"; sourceTree = "<group>"; };
		CED7284D2A7155CF00715EFD /* To-do List.app */ = {isa = PBXFileReference; explicitFileType = wrapper.application; includeInIndex = 0; path = "To-do List.app"; sourceTree = BUILT_PRODUCTS_DIR; };
		CED728502A7155CF00715EFD /* AppDelegate.swift */ = {isa = PBXFileReference; lastKnownFileType = sourcecode.swift; path = AppDelegate.swift; sourceTree = "<group>"; };
		CED728522A7155CF00715EFD /* SceneDelegate.swift */ = {isa = PBXFileReference; lastKnownFileType = sourcecode.swift; path = SceneDelegate.swift; sourceTree = "<group>"; };
		CED728542A7155CF00715EFD /* ToDoListViewController.swift */ = {isa = PBXFileReference; lastKnownFileType = sourcecode.swift; path = ToDoListViewController.swift; sourceTree = "<group>"; };
		CED728572A7155CF00715EFD /* Base */ = {isa = PBXFileReference; lastKnownFileType = file.storyboard; name = Base; path = Base.lproj/Main.storyboard; sourceTree = "<group>"; };
		CED728592A7155D100715EFD /* Assets.xcassets */ = {isa = PBXFileReference; lastKnownFileType = folder.assetcatalog; path = Assets.xcassets; sourceTree = "<group>"; };
		CED7285C2A7155D100715EFD /* Base */ = {isa = PBXFileReference; lastKnownFileType = file.storyboard; name = Base; path = Base.lproj/LaunchScreen.storyboard; sourceTree = "<group>"; };
		CED7285E2A7155D100715EFD /* Info.plist */ = {isa = PBXFileReference; lastKnownFileType = text.plist.xml; path = Info.plist; sourceTree = "<group>"; };
		CED728862A754D0200715EFD /* Item.swift */ = {isa = PBXFileReference; lastKnownFileType = sourcecode.swift; path = Item.swift; sourceTree = "<group>"; };
/* End PBXFileReference section */

/* Begin PBXFrameworksBuildPhase section */
		CED7284A2A7155CF00715EFD /* Frameworks */ = {
			isa = PBXFrameworksBuildPhase;
			buildActionMask = 2147483647;
			files = (
				CED7288E2A76AF6400715EFD /* SwipeCellKit in Frameworks */,
				71351DF36B0B7226BCDCECCF /* Pods_reWORD.framework in Frameworks */,
			);
			runOnlyForDeploymentPostprocessing = 0;
		};
/* End PBXFrameworksBuildPhase section */

/* Begin PBXGroup section */
		06B74B2250A844EE6C8796AB /* Pods */ = {
			isa = PBXGroup;
			children = (
				45AD41F8726D516FB8D12DFF /* Pods-reWORD.debug.xcconfig */,
				A391CE850C75D46529389B2A /* Pods-reWORD.release.xcconfig */,
			);
			path = Pods;
			sourceTree = "<group>";
		};
		CED728442A7155CF00715EFD = {
			isa = PBXGroup;
			children = (
				CED7284F2A7155CF00715EFD /* reWORD */,
				CED7284E2A7155CF00715EFD /* Products */,
				06B74B2250A844EE6C8796AB /* Pods */,
				E056D2E7E4E2F19647C25968 /* Frameworks */,
			);
			sourceTree = "<group>";
		};
		CED7284E2A7155CF00715EFD /* Products */ = {
			isa = PBXGroup;
			children = (
				CED7284D2A7155CF00715EFD /* To-do List.app */,
			);
			name = Products;
			sourceTree = "<group>";
		};
		CED7284F2A7155CF00715EFD /* reWORD */ = {
			isa = PBXGroup;
			children = (
				CED728882A754D1C00715EFD /* Data Model */,
				CED728502A7155CF00715EFD /* AppDelegate.swift */,
				CED728522A7155CF00715EFD /* SceneDelegate.swift */,
				CED728892A754D2F00715EFD /* Controllers */,
				CED7288A2A754D6500715EFD /* Views */,
				CED7288B2A754D8000715EFD /* Supporting Files */,
				CED7285E2A7155D100715EFD /* Info.plist */,
			);
			path = reWORD;
			sourceTree = "<group>";
		};
		CED728882A754D1C00715EFD /* Data Model */ = {
			isa = PBXGroup;
			children = (
				CED728862A754D0200715EFD /* Item.swift */,
			);
			path = "Data Model";
			sourceTree = "<group>";
		};
		CED728892A754D2F00715EFD /* Controllers */ = {
			isa = PBXGroup;
			children = (
				CED728542A7155CF00715EFD /* ToDoListViewController.swift */,
			);
			path = Controllers;
			sourceTree = "<group>";
		};
		CED7288A2A754D6500715EFD /* Views */ = {
			isa = PBXGroup;
			children = (
				CED728562A7155CF00715EFD /* Main.storyboard */,
			);
			path = Views;
			sourceTree = "<group>";
		};
		CED7288B2A754D8000715EFD /* Supporting Files */ = {
			isa = PBXGroup;
			children = (
				CED7285B2A7155D100715EFD /* LaunchScreen.storyboard */,
				CED728592A7155D100715EFD /* Assets.xcassets */,
			);
			path = "Supporting Files";
			sourceTree = "<group>";
		};
		E056D2E7E4E2F19647C25968 /* Frameworks */ = {
			isa = PBXGroup;
			children = (
				1E769AA1A97B3D359A99C425 /* Pods_reWORD.framework */,
			);
			name = Frameworks;
			sourceTree = "<group>";
		};
/* End PBXGroup section */

/* Begin PBXNativeTarget section */
		CED7284C2A7155CF00715EFD /* reWORD */ = {
			isa = PBXNativeTarget;
			buildConfigurationList = CED728612A7155D100715EFD /* Build configuration list for PBXNativeTarget "reWORD" */;
			buildPhases = (
				B50AA204783B153FA91E9474 /* [CP] Check Pods Manifest.lock */,
				CED728492A7155CF00715EFD /* Sources */,
				CED7284A2A7155CF00715EFD /* Frameworks */,
				CED7284B2A7155CF00715EFD /* Resources */,
				F80BF61260F3648824F67CEF /* [CP] Embed Pods Frameworks */,
			);
			buildRules = (
			);
			dependencies = (
			);
			name = reWORD;
			packageProductDependencies = (
				CED7288D2A76AF6400715EFD /* SwipeCellKit */,
			);
			productName = reWORD;
			productReference = CED7284D2A7155CF00715EFD /* To-do List.app */;
			productType = "com.apple.product-type.application";
		};
/* End PBXNativeTarget section */

/* Begin PBXProject section */
		CED728452A7155CF00715EFD /* Project object */ = {
			isa = PBXProject;
			attributes = {
				BuildIndependentTargetsInParallel = 1;
				LastSwiftUpdateCheck = 1420;
				LastUpgradeCheck = 1420;
				TargetAttributes = {
					CED7284C2A7155CF00715EFD = {
						CreatedOnToolsVersion = 14.2;
					};
				};
			};
			buildConfigurationList = CED728482A7155CF00715EFD /* Build configuration list for PBXProject "reWORD" */;
			compatibilityVersion = "Xcode 14.0";
			developmentRegion = en;
			hasScannedForEncodings = 0;
			knownRegions = (
				en,
				Base,
			);
			mainGroup = CED728442A7155CF00715EFD;
			packageReferences = (
				CED7288C2A76AF6400715EFD /* XCRemoteSwiftPackageReference "SwipeCellKit" */,
			);
			productRefGroup = CED7284E2A7155CF00715EFD /* Products */;
			projectDirPath = "";
			projectRoot = "";
			targets = (
				CED7284C2A7155CF00715EFD /* reWORD */,
			);
		};
/* End PBXProject section */

/* Begin PBXResourcesBuildPhase section */
		CED7284B2A7155CF00715EFD /* Resources */ = {
			isa = PBXResourcesBuildPhase;
			buildActionMask = 2147483647;
			files = (
				CED7285D2A7155D100715EFD /* LaunchScreen.storyboard in Resources */,
				CED7285A2A7155D100715EFD /* Assets.xcassets in Resources */,
				CED728582A7155CF00715EFD /* Main.storyboard in Resources */,
			);
			runOnlyForDeploymentPostprocessing = 0;
		};
/* End PBXResourcesBuildPhase section */

/* Begin PBXShellScriptBuildPhase section */
		B50AA204783B153FA91E9474 /* [CP] Check Pods Manifest.lock */ = {
			isa = PBXShellScriptBuildPhase;
			buildActionMask = 2147483647;
			files = (
			);
			inputFileListPaths = (
			);
			inputPaths = (
				"${PODS_PODFILE_DIR_PATH}/Podfile.lock",
				"${PODS_ROOT}/Manifest.lock",
			);
			name = "[CP] Check Pods Manifest.lock";
			outputFileListPaths = (
			);
			outputPaths = (
				"$(DERIVED_FILE_DIR)/Pods-reWORD-checkManifestLockResult.txt",
			);
			runOnlyForDeploymentPostprocessing = 0;
			shellPath = /bin/sh;
			shellScript = "diff \"${PODS_PODFILE_DIR_PATH}/Podfile.lock\" \"${PODS_ROOT}/Manifest.lock\" > /dev/null\nif [ $? != 0 ] ; then\n    # print error to STDERR\n    echo \"error: The sandbox is not in sync with the Podfile.lock. Run 'pod install' or update your CocoaPods installation.\" >&2\n    exit 1\nfi\n# This output is used by Xcode 'outputs' to avoid re-running this script phase.\necho \"SUCCESS\" > \"${SCRIPT_OUTPUT_FILE_0}\"\n";
			showEnvVarsInLog = 0;
		};
		F80BF61260F3648824F67CEF /* [CP] Embed Pods Frameworks */ = {
			isa = PBXShellScriptBuildPhase;
			buildActionMask = 2147483647;
			files = (
			);
			inputFileListPaths = (
				"${PODS_ROOT}/Target Support Files/Pods-reWORD/Pods-reWORD-frameworks-${CONFIGURATION}-input-files.xcfilelist",
			);
			name = "[CP] Embed Pods Frameworks";
			outputFileListPaths = (
				"${PODS_ROOT}/Target Support Files/Pods-reWORD/Pods-reWORD-frameworks-${CONFIGURATION}-output-files.xcfilelist",
			);
			runOnlyForDeploymentPostprocessing = 0;
			shellPath = /bin/sh;
			shellScript = "\"${PODS_ROOT}/Target Support Files/Pods-reWORD/Pods-reWORD-frameworks.sh\"\n";
			showEnvVarsInLog = 0;
		};
/* End PBXShellScriptBuildPhase section */

/* Begin PBXSourcesBuildPhase section */
		CED728492A7155CF00715EFD /* Sources */ = {
			isa = PBXSourcesBuildPhase;
			buildActionMask = 2147483647;
			files = (
				CED728872A754D0200715EFD /* Item.swift in Sources */,
				CED728552A7155CF00715EFD /* ToDoListViewController.swift in Sources */,
				CED728512A7155CF00715EFD /* AppDelegate.swift in Sources */,
				CED728532A7155CF00715EFD /* SceneDelegate.swift in Sources */,
			);
			runOnlyForDeploymentPostprocessing = 0;
		};
/* End PBXSourcesBuildPhase section */

/* Begin PBXVariantGroup section */
		CED728562A7155CF00715EFD /* Main.storyboard */ = {
			isa = PBXVariantGroup;
			children = (
				CED728572A7155CF00715EFD /* Base */,
			);
			name = Main.storyboard;
			sourceTree = "<group>";
		};
		CED7285B2A7155D100715EFD /* LaunchScreen.storyboard */ = {
			isa = PBXVariantGroup;
			children = (
				CED7285C2A7155D100715EFD /* Base */,
			);
			name = LaunchScreen.storyboard;
			sourceTree = "<group>";
		};
/* End PBXVariantGroup section */

/* Begin XCBuildConfiguration section */
		CED7285F2A7155D100715EFD /* Debug */ = {
			isa = XCBuildConfiguration;
			buildSettings = {
				ALWAYS_SEARCH_USER_PATHS = NO;
				CLANG_ANALYZER_NONNULL = YES;
				CLANG_ANALYZER_NUMBER_OBJECT_CONVERSION = YES_AGGRESSIVE;
				CLANG_CXX_LANGUAGE_STANDARD = "gnu++20";
				CLANG_ENABLE_MODULES = YES;
				CLANG_ENABLE_OBJC_ARC = YES;
				CLANG_ENABLE_OBJC_WEAK = YES;
				CLANG_WARN_BLOCK_CAPTURE_AUTORELEASING = YES;
				CLANG_WARN_BOOL_CONVERSION = YES;
				CLANG_WARN_COMMA = YES;
				CLANG_WARN_CONSTANT_CONVERSION = YES;
				CLANG_WARN_DEPRECATED_OBJC_IMPLEMENTATIONS = YES;
				CLANG_WARN_DIRECT_OBJC_ISA_USAGE = YES_ERROR;
				CLANG_WARN_DOCUMENTATION_COMMENTS = YES;
				CLANG_WARN_EMPTY_BODY = YES;
				CLANG_WARN_ENUM_CONVERSION = YES;
				CLANG_WARN_INFINITE_RECURSION = YES;
				CLANG_WARN_INT_CONVERSION = YES;
				CLANG_WARN_NON_LITERAL_NULL_CONVERSION = YES;
				CLANG_WARN_OBJC_IMPLICIT_RETAIN_SELF = YES;
				CLANG_WARN_OBJC_LITERAL_CONVERSION = YES;
				CLANG_WARN_OBJC_ROOT_CLASS = YES_ERROR;
				CLANG_WARN_QUOTED_INCLUDE_IN_FRAMEWORK_HEADER = YES;
				CLANG_WARN_RANGE_LOOP_ANALYSIS = YES;
				CLANG_WARN_STRICT_PROTOTYPES = YES;
				CLANG_WARN_SUSPICIOUS_MOVE = YES;
				CLANG_WARN_UNGUARDED_AVAILABILITY = YES_AGGRESSIVE;
				CLANG_WARN_UNREACHABLE_CODE = YES;
				CLANG_WARN__DUPLICATE_METHOD_MATCH = YES;
				COPY_PHASE_STRIP = NO;
				DEBUG_INFORMATION_FORMAT = dwarf;
				ENABLE_STRICT_OBJC_MSGSEND = YES;
				ENABLE_TESTABILITY = YES;
				GCC_C_LANGUAGE_STANDARD = gnu11;
				GCC_DYNAMIC_NO_PIC = NO;
				GCC_NO_COMMON_BLOCKS = YES;
				GCC_OPTIMIZATION_LEVEL = 0;
				GCC_PREPROCESSOR_DEFINITIONS = (
					"DEBUG=1",
					"$(inherited)",
				);
				GCC_WARN_64_TO_32_BIT_CONVERSION = YES;
				GCC_WARN_ABOUT_RETURN_TYPE = YES_ERROR;
				GCC_WARN_UNDECLARED_SELECTOR = YES;
				GCC_WARN_UNINITIALIZED_AUTOS = YES_AGGRESSIVE;
				GCC_WARN_UNUSED_FUNCTION = YES;
				GCC_WARN_UNUSED_VARIABLE = YES;
				IPHONEOS_DEPLOYMENT_TARGET = 16.2;
				MTL_ENABLE_DEBUG_INFO = INCLUDE_SOURCE;
				MTL_FAST_MATH = YES;
				ONLY_ACTIVE_ARCH = YES;
				SDKROOT = iphoneos;
				SWIFT_ACTIVE_COMPILATION_CONDITIONS = DEBUG;
				SWIFT_OPTIMIZATION_LEVEL = "-Onone";
			};
			name = Debug;
		};
		CED728602A7155D100715EFD /* Release */ = {
			isa = XCBuildConfiguration;
			buildSettings = {
				ALWAYS_SEARCH_USER_PATHS = NO;
				CLANG_ANALYZER_NONNULL = YES;
				CLANG_ANALYZER_NUMBER_OBJECT_CONVERSION = YES_AGGRESSIVE;
				CLANG_CXX_LANGUAGE_STANDARD = "gnu++20";
				CLANG_ENABLE_MODULES = YES;
				CLANG_ENABLE_OBJC_ARC = YES;
				CLANG_ENABLE_OBJC_WEAK = YES;
				CLANG_WARN_BLOCK_CAPTURE_AUTORELEASING = YES;
				CLANG_WARN_BOOL_CONVERSION = YES;
				CLANG_WARN_COMMA = YES;
				CLANG_WARN_CONSTANT_CONVERSION = YES;
				CLANG_WARN_DEPRECATED_OBJC_IMPLEMENTATIONS = YES;
				CLANG_WARN_DIRECT_OBJC_ISA_USAGE = YES_ERROR;
				CLANG_WARN_DOCUMENTATION_COMMENTS = YES;
				CLANG_WARN_EMPTY_BODY = YES;
				CLANG_WARN_ENUM_CONVERSION = YES;
				CLANG_WARN_INFINITE_RECURSION = YES;
				CLANG_WARN_INT_CONVERSION = YES;
				CLANG_WARN_NON_LITERAL_NULL_CONVERSION = YES;
				CLANG_WARN_OBJC_IMPLICIT_RETAIN_SELF = YES;
				CLANG_WARN_OBJC_LITERAL_CONVERSION = YES;
				CLANG_WARN_OBJC_ROOT_CLASS = YES_ERROR;
				CLANG_WARN_QUOTED_INCLUDE_IN_FRAMEWORK_HEADER = YES;
				CLANG_WARN_RANGE_LOOP_ANALYSIS = YES;
				CLANG_WARN_STRICT_PROTOTYPES = YES;
				CLANG_WARN_SUSPICIOUS_MOVE = YES;
				CLANG_WARN_UNGUARDED_AVAILABILITY = YES_AGGRESSIVE;
				CLANG_WARN_UNREACHABLE_CODE = YES;
				CLANG_WARN__DUPLICATE_METHOD_MATCH = YES;
				COPY_PHASE_STRIP = NO;
				DEBUG_INFORMATION_FORMAT = "dwarf-with-dsym";
				ENABLE_NS_ASSERTIONS = NO;
				ENABLE_STRICT_OBJC_MSGSEND = YES;
				GCC_C_LANGUAGE_STANDARD = gnu11;
				GCC_NO_COMMON_BLOCKS = YES;
				GCC_WARN_64_TO_32_BIT_CONVERSION = YES;
				GCC_WARN_ABOUT_RETURN_TYPE = YES_ERROR;
				GCC_WARN_UNDECLARED_SELECTOR = YES;
				GCC_WARN_UNINITIALIZED_AUTOS = YES_AGGRESSIVE;
				GCC_WARN_UNUSED_FUNCTION = YES;
				GCC_WARN_UNUSED_VARIABLE = YES;
				IPHONEOS_DEPLOYMENT_TARGET = 16.2;
				MTL_ENABLE_DEBUG_INFO = NO;
				MTL_FAST_MATH = YES;
				SDKROOT = iphoneos;
				SWIFT_COMPILATION_MODE = wholemodule;
				SWIFT_OPTIMIZATION_LEVEL = "-O";
				VALIDATE_PRODUCT = YES;
			};
			name = Release;
		};
		CED728622A7155D100715EFD /* Debug */ = {
			isa = XCBuildConfiguration;
			baseConfigurationReference = 45AD41F8726D516FB8D12DFF /* Pods-reWORD.debug.xcconfig */;
			buildSettings = {
				ASSETCATALOG_COMPILER_APPICON_NAME = AppIcon;
				ASSETCATALOG_COMPILER_GLOBAL_ACCENT_COLOR_NAME = AccentColor;
				CODE_SIGN_STYLE = Automatic;
				CURRENT_PROJECT_VERSION = 1;
				GENERATE_INFOPLIST_FILE = YES;
				INFOPLIST_FILE = reWORD/Info.plist;
				INFOPLIST_KEY_UIApplicationSupportsIndirectInputEvents = YES;
				INFOPLIST_KEY_UILaunchStoryboardName = LaunchScreen;
				INFOPLIST_KEY_UIMainStoryboardFile = Main;
				INFOPLIST_KEY_UISupportedInterfaceOrientations_iPad = "UIInterfaceOrientationPortrait UIInterfaceOrientationPortraitUpsideDown UIInterfaceOrientationLandscapeLeft UIInterfaceOrientationLandscapeRight";
				INFOPLIST_KEY_UISupportedInterfaceOrientations_iPhone = "UIInterfaceOrientationPortrait UIInterfaceOrientationLandscapeLeft UIInterfaceOrientationLandscapeRight";
				LD_RUNPATH_SEARCH_PATHS = (
					"$(inherited)",
					"@executable_path/Frameworks",
				);
				MARKETING_VERSION = 1.0;
				PRODUCT_BUNDLE_IDENTIFIER = Irina1.reWORD;
				PRODUCT_NAME = "To-do List";
				SWIFT_EMIT_LOC_STRINGS = YES;
				SWIFT_VERSION = 5.0;
				TARGETED_DEVICE_FAMILY = "1,2";
			};
			name = Debug;
		};
		CED728632A7155D100715EFD /* Release */ = {
			isa = XCBuildConfiguration;
			baseConfigurationReference = A391CE850C75D46529389B2A /* Pods-reWORD.release.xcconfig */;
			buildSettings = {
				ASSETCATALOG_COMPILER_APPICON_NAME = AppIcon;
				ASSETCATALOG_COMPILER_GLOBAL_ACCENT_COLOR_NAME = AccentColor;
				CODE_SIGN_STYLE = Automatic;
				CURRENT_PROJECT_VERSION = 1;
				GENERATE_INFOPLIST_FILE = YES;
				INFOPLIST_FILE = reWORD/Info.plist;
				INFOPLIST_KEY_UIApplicationSupportsIndirectInputEvents = YES;
				INFOPLIST_KEY_UILaunchStoryboardName = LaunchScreen;
				INFOPLIST_KEY_UIMainStoryboardFile = Main;
				INFOPLIST_KEY_UISupportedInterfaceOrientations_iPad = "UIInterfaceOrientationPortrait UIInterfaceOrientationPortraitUpsideDown UIInterfaceOrientationLandscapeLeft UIInterfaceOrientationLandscapeRight";
				INFOPLIST_KEY_UISupportedInterfaceOrientations_iPhone = "UIInterfaceOrientationPortrait UIInterfaceOrientationLandscapeLeft UIInterfaceOrientationLandscapeRight";
				LD_RUNPATH_SEARCH_PATHS = (
					"$(inherited)",
					"@executable_path/Frameworks",
				);
				MARKETING_VERSION = 1.0;
				PRODUCT_BUNDLE_IDENTIFIER = Irina1.reWORD;
				PRODUCT_NAME = "To-do List";
				SWIFT_EMIT_LOC_STRINGS = YES;
				SWIFT_VERSION = 5.0;
				TARGETED_DEVICE_FAMILY = "1,2";
			};
			name = Release;
		};
/* End XCBuildConfiguration section */

/* Begin XCConfigurationList section */
		CED728482A7155CF00715EFD /* Build configuration list for PBXProject "reWORD" */ = {
			isa = XCConfigurationList;
			buildConfigurations = (
				CED7285F2A7155D100715EFD /* Debug */,
				CED728602A7155D100715EFD /* Release */,
			);
			defaultConfigurationIsVisible = 0;
			defaultConfigurationName = Release;
		};
		CED728612A7155D100715EFD /* Build configuration list for PBXNativeTarget "reWORD" */ = {
			isa = XCConfigurationList;
			buildConfigurations = (
				CED728622A7155D100715EFD /* Debug */,
				CED728632A7155D100715EFD /* Release */,
			);
			defaultConfigurationIsVisible = 0;
			defaultConfigurationName = Release;
		};
/* End XCConfigurationList section */

/* Begin XCRemoteSwiftPackageReference section */
		CED7288C2A76AF6400715EFD /* XCRemoteSwiftPackageReference "SwipeCellKit" */ = {
			isa = XCRemoteSwiftPackageReference;
			repositoryURL = "https://github.com/SwipeCellKit/SwipeCellKit";
			requirement = {
				kind = upToNextMajorVersion;
				minimumVersion = 2.0.0;
			};
		};
/* End XCRemoteSwiftPackageReference section */

/* Begin XCSwiftPackageProductDependency section */
		CED7288D2A76AF6400715EFD /* SwipeCellKit */ = {
			isa = XCSwiftPackageProductDependency;
			package = CED7288C2A76AF6400715EFD /* XCRemoteSwiftPackageReference "SwipeCellKit" */;
			productName = SwipeCellKit;
		};
/* End XCSwiftPackageProductDependency section */
	};
	rootObject = CED728452A7155CF00715EFD /* Project object */;
}
